
Microsoft Visual Studio Solution File, Format Version 12.00
# Visual Studio Version 16
VisualStudioVersion = 16.0.30711.63
MinimumVisualStudioVersion = 10.0.40219.1
Project("{FAE04EC0-301F-11D3-BF4B-00C04F79EFBC}") = "NUnitRetry2213", "NUnitRetry2213\NUnitRetry2213.csproj", "{F6BBEDED-8DBB-471B-96F3-A2EA816FD492}"
EndProject
Global
	GlobalSection(SolutionConfigurationPlatforms) = preSolution
		Debug|Any CPU = Debug|Any CPU
		Release|Any CPU = Release|Any CPU
	EndGlobalSection
	GlobalSection(ProjectConfigurationPlatforms) = postSolution
		{F6BBEDED-8DBB-471B-96F3-A2EA816FD492}.Debug|Any CPU.ActiveCfg = Debug|Any CPU
		{F6BBEDED-8DBB-471B-96F3-A2EA816FD492}.Debug|Any CPU.Build.0 = Debug|Any CPU
		{F6BBEDED-8DBB-471B-96F3-A2EA816FD492}.Release|Any CPU.ActiveCfg = Release|Any CPU
		{F6BBEDED-8DBB-471B-96F3-A2EA816FD492}.Release|Any CPU.Build.0 = Release|Any CPU
	EndGlobalSection
	GlobalSection(SolutionProperties) = preSolution
		HideSolutionNode = FALSE
	EndGlobalSection
	GlobalSection(ExtensibilityGlobals) = postSolution
		SolutionGuid = {7EB9FB67-799D-4343-B88F-0BFE9ECE5B1C}
	EndGlobalSection
EndGlobal
